
Microsoft Visual Studio Solution File, Format Version 12.00
# Visual Studio Version 17
VisualStudioVersion = 17.0.31903.59
MinimumVisualStudioVersion = 10.0.40219.1
Project("{FAE04EC0-301F-11D3-BF4B-00C04F79EFBC}") = "BugPro", "BugPro\BugPro.csproj", "{BCA8CA82-7665-45FD-9B83-358DCEFCE7E4}"
EndProject
Project("{FAE04EC0-301F-11D3-BF4B-00C04F79EFBC}") = "BugTest", "BugTest\BugTest.csproj", "{E1FC1FCC-081C-4444-BC16-32C5C737EAFF}"
EndProject
Global
	GlobalSection(SolutionConfigurationPlatforms) = preSolution
		Debug|Any CPU = Debug|Any CPU
		Release|Any CPU = Release|Any CPU
	EndGlobalSection
	GlobalSection(ProjectConfigurationPlatforms) = postSolution
		{BCA8CA82-7665-45FD-9B83-358DCEFCE7E4}.Debug|Any CPU.ActiveCfg = Debug|Any CPU
		{BCA8CA82-7665-45FD-9B83-358DCEFCE7E4}.Debug|Any CPU.Build.0 = Debug|Any CPU
		{BCA8CA82-7665-45FD-9B83-358DCEFCE7E4}.Release|Any CPU.ActiveCfg = Release|Any CPU
		{BCA8CA82-7665-45FD-9B83-358DCEFCE7E4}.Release|Any CPU.Build.0 = Release|Any CPU
		{E1FC1FCC-081C-4444-BC16-32C5C737EAFF}.Debug|Any CPU.ActiveCfg = Debug|Any CPU
		{E1FC1FCC-081C-4444-BC16-32C5C737EAFF}.Debug|Any CPU.Build.0 = Debug|Any CPU
		{E1FC1FCC-081C-4444-BC16-32C5C737EAFF}.Release|Any CPU.ActiveCfg = Release|Any CPU
		{E1FC1FCC-081C-4444-BC16-32C5C737EAFF}.Release|Any CPU.Build.0 = Release|Any CPU
	EndGlobalSection
	GlobalSection(SolutionProperties) = preSolution
		HideSolutionNode = FALSE
	EndGlobalSection
	GlobalSection(ExtensibilityGlobals) = postSolution
		SolutionGuid = {0EC9B423-2FFC-4312-9940-E7C1364A6F72}
	EndGlobalSection
EndGlobal
